
Microsoft Visual Studio Solution File, Format Version 12.00
# Visual Studio Version 17
VisualStudioVersion = 17.9.34728.123
MinimumVisualStudioVersion = 10.0.40219.1
Project("{9A19103F-16F7-4668-BE54-9A1E7A4F7556}") = "GraphicsEngine", "GraphicsEngine\GraphicsEngine.csproj", "{A494E91C-CDE0-4E66-9B30-DC51660956A7}"
EndProject
Project("{9A19103F-16F7-4668-BE54-9A1E7A4F7556}") = "PhysicsEngine", "PhysicsEngine\PhysicsEngine.csproj", "{6765D210-41FA-48A5-8AD0-82D799C5AC4F}"
EndProject
Global
	GlobalSection(SolutionConfigurationPlatforms) = preSolution
		Debug|Any CPU = Debug|Any CPU
		Release|Any CPU = Release|Any CPU
	EndGlobalSection
	GlobalSection(ProjectConfigurationPlatforms) = postSolution
		{A494E91C-CDE0-4E66-9B30-DC51660956A7}.Debug|Any CPU.ActiveCfg = Debug|Any CPU
		{A494E91C-CDE0-4E66-9B30-DC51660956A7}.Debug|Any CPU.Build.0 = Debug|Any CPU
		{A494E91C-CDE0-4E66-9B30-DC51660956A7}.Release|Any CPU.ActiveCfg = Release|Any CPU
		{A494E91C-CDE0-4E66-9B30-DC51660956A7}.Release|Any CPU.Build.0 = Release|Any CPU
		{6765D210-41FA-48A5-8AD0-82D799C5AC4F}.Debug|Any CPU.ActiveCfg = Debug|Any CPU
		{6765D210-41FA-48A5-8AD0-82D799C5AC4F}.Debug|Any CPU.Build.0 = Debug|Any CPU
		{6765D210-41FA-48A5-8AD0-82D799C5AC4F}.Release|Any CPU.ActiveCfg = Release|Any CPU
		{6765D210-41FA-48A5-8AD0-82D799C5AC4F}.Release|Any CPU.Build.0 = Release|Any CPU
	EndGlobalSection
	GlobalSection(SolutionProperties) = preSolution
		HideSolutionNode = FALSE
	EndGlobalSection
	GlobalSection(ExtensibilityGlobals) = postSolution
		SolutionGuid = {31199425-FD36-4AB4-A41F-D5C04DB6F272}
	EndGlobalSection
EndGlobal
